#
# This file is autogenerated by pip-compile with Python 3.11
# by the following command:
#
#    pip-compile --annotation-style=line --no-emit-index-url --output-file=requirements.lock pyproject.toml
#
bottle==0.12.25           # via langc (pyproject.toml)
click==8.1.7              # via langc (pyproject.toml)
coloredlogs==15.0.1       # via onnxruntime
flatbuffers==23.5.26      # via onnxruntime
humanfriendly==10.0       # via coloredlogs
mpmath==1.3.0             # via sympy
numpy==1.26.4             # via onnxruntime
onnxruntime==1.17.0       # via langc (pyproject.toml)
packaging==23.2           # via onnxruntime
protobuf==4.25.3          # via onnxruntime
sympy==1.12               # via onnxruntime
